
Microsoft Visual Studio Solution File, Format Version 12.00
# Visual Studio Version 17
VisualStudioVersion = 17.9.34728.123
MinimumVisualStudioVersion = 10.0.40219.1
Project("{FAE04EC0-301F-11D3-BF4B-00C04F79EFBC}") = "Core", "Core\Core.csproj", "{77F2EEB3-DC2F-4F7A-982A-3B8F4956E466}"
EndProject
Project("{FAE04EC0-301F-11D3-BF4B-00C04F79EFBC}") = "ConsoleApp", "ConsoleApp\ConsoleApp.csproj", "{A3252B1F-46EB-4A4D-9A65-B99B7083200C}"
EndProject
Global
	GlobalSection(SolutionConfigurationPlatforms) = preSolution
		Debug|Any CPU = Debug|Any CPU
		Release|Any CPU = Release|Any CPU
	EndGlobalSection
	GlobalSection(ProjectConfigurationPlatforms) = postSolution
		{77F2EEB3-DC2F-4F7A-982A-3B8F4956E466}.Debug|Any CPU.ActiveCfg = Debug|Any CPU
		{77F2EEB3-DC2F-4F7A-982A-3B8F4956E466}.Debug|Any CPU.Build.0 = Debug|Any CPU
		{77F2EEB3-DC2F-4F7A-982A-3B8F4956E466}.Release|Any CPU.ActiveCfg = Release|Any CPU
		{77F2EEB3-DC2F-4F7A-982A-3B8F4956E466}.Release|Any CPU.Build.0 = Release|Any CPU
		{A3252B1F-46EB-4A4D-9A65-B99B7083200C}.Debug|Any CPU.ActiveCfg = Debug|Any CPU
		{A3252B1F-46EB-4A4D-9A65-B99B7083200C}.Debug|Any CPU.Build.0 = Debug|Any CPU
		{A3252B1F-46EB-4A4D-9A65-B99B7083200C}.Release|Any CPU.ActiveCfg = Release|Any CPU
		{A3252B1F-46EB-4A4D-9A65-B99B7083200C}.Release|Any CPU.Build.0 = Release|Any CPU
	EndGlobalSection
	GlobalSection(SolutionProperties) = preSolution
		HideSolutionNode = FALSE
	EndGlobalSection
	GlobalSection(ExtensibilityGlobals) = postSolution
		SolutionGuid = {CC1D70D5-1694-4674-9888-E4723C192F64}
	EndGlobalSection
EndGlobal
